
Microsoft Visual Studio Solution File, Format Version 12.00
# Visual Studio 15
Project("{FAE04EC0-301F-11D3-BF4B-00C04F79EFBC}") = "Assembly-CSharp", "Assembly-CSharp.csproj", "{99292470-77FD-5E36-6174-CC79C02279CA}"
EndProject
Project("{FAE04EC0-301F-11D3-BF4B-00C04F79EFBC}") = "Assembly-CSharp-Editor", "Assembly-CSharp-Editor.csproj", "{717F1C81-A4A1-1433-07C2-D7E47642A766}"
EndProject
Global
	GlobalSection(SolutionConfigurationPlatforms) = preSolution
		Debug|Any CPU = Debug|Any CPU
		Release|Any CPU = Release|Any CPU
	EndGlobalSection
	GlobalSection(ProjectConfigurationPlatforms) = postSolution
		{99292470-77FD-5E36-6174-CC79C02279CA}.Debug|Any CPU.ActiveCfg = Debug|Any CPU
		{99292470-77FD-5E36-6174-CC79C02279CA}.Debug|Any CPU.Build.0 = Debug|Any CPU
		{99292470-77FD-5E36-6174-CC79C02279CA}.Release|Any CPU.ActiveCfg = Release|Any CPU
		{99292470-77FD-5E36-6174-CC79C02279CA}.Release|Any CPU.Build.0 = Release|Any CPU
		{717F1C81-A4A1-1433-07C2-D7E47642A766}.Debug|Any CPU.ActiveCfg = Debug|Any CPU
		{717F1C81-A4A1-1433-07C2-D7E47642A766}.Debug|Any CPU.Build.0 = Debug|Any CPU
		{717F1C81-A4A1-1433-07C2-D7E47642A766}.Release|Any CPU.ActiveCfg = Release|Any CPU
		{717F1C81-A4A1-1433-07C2-D7E47642A766}.Release|Any CPU.Build.0 = Release|Any CPU
	EndGlobalSection
	GlobalSection(SolutionProperties) = preSolution
		HideSolutionNode = FALSE
	EndGlobalSection
EndGlobal
