
Microsoft Visual Studio Solution File, Format Version 12.00
# Visual Studio 15
Project("{FAE04EC0-301F-11D3-BF4B-00C04F79EFBC}") = "UnityVS.AMadAdventureGame", "UnityVS.AMadAdventureGame.csproj", "{4287F7C5-698A-85CB-C411-5AD1B2AD5AEA}"
EndProject
Project("{FAE04EC0-301F-11D3-BF4B-00C04F79EFBC}") = "UnityVS.AMadAdventureGame.Editor", "UnityVS.AMadAdventureGame.Editor.csproj", "{D5985E0C-A239-4993-AF5C-A06232CB3EE7}"
EndProject
Global
	GlobalSection(SolutionConfigurationPlatforms) = preSolution
		Debug|Any CPU = Debug|Any CPU
		Release|Any CPU = Release|Any CPU
	EndGlobalSection
	GlobalSection(ProjectConfigurationPlatforms) = postSolution
		{4287F7C5-698A-85CB-C411-5AD1B2AD5AEA}.Debug|Any CPU.ActiveCfg = Debug|Any CPU
		{4287F7C5-698A-85CB-C411-5AD1B2AD5AEA}.Debug|Any CPU.Build.0 = Debug|Any CPU
		{4287F7C5-698A-85CB-C411-5AD1B2AD5AEA}.Release|Any CPU.ActiveCfg = Release|Any CPU
		{4287F7C5-698A-85CB-C411-5AD1B2AD5AEA}.Release|Any CPU.Build.0 = Release|Any CPU
		{D5985E0C-A239-4993-AF5C-A06232CB3EE7}.Debug|Any CPU.ActiveCfg = Debug|Any CPU
		{D5985E0C-A239-4993-AF5C-A06232CB3EE7}.Debug|Any CPU.Build.0 = Debug|Any CPU
		{D5985E0C-A239-4993-AF5C-A06232CB3EE7}.Release|Any CPU.ActiveCfg = Release|Any CPU
		{D5985E0C-A239-4993-AF5C-A06232CB3EE7}.Release|Any CPU.Build.0 = Release|Any CPU
	EndGlobalSection
	GlobalSection(SolutionProperties) = preSolution
		HideSolutionNode = FALSE
	EndGlobalSection
EndGlobal
